
Microsoft Visual Studio Solution File, Format Version 12.00
# Visual Studio 15
VisualStudioVersion = 15.0.27130.2036
MinimumVisualStudioVersion = 10.0.40219.1
Project("{FAE04EC0-301F-11D3-BF4B-00C04F79EFBC}") = "AdvancedWebApiBuilder", "AdvancedWebApiBuilder\AdvancedWebApiBuilder.csproj", "{CDD3B5B4-856C-40A2-AB0B-A602C58BAC89}"
EndProject
Global
	GlobalSection(SolutionConfigurationPlatforms) = preSolution
		Debug|Any CPU = Debug|Any CPU
		Release|Any CPU = Release|Any CPU
	EndGlobalSection
	GlobalSection(ProjectConfigurationPlatforms) = postSolution
		{CDD3B5B4-856C-40A2-AB0B-A602C58BAC89}.Debug|Any CPU.ActiveCfg = Debug|Any CPU
		{CDD3B5B4-856C-40A2-AB0B-A602C58BAC89}.Debug|Any CPU.Build.0 = Debug|Any CPU
		{CDD3B5B4-856C-40A2-AB0B-A602C58BAC89}.Release|Any CPU.ActiveCfg = Release|Any CPU
		{CDD3B5B4-856C-40A2-AB0B-A602C58BAC89}.Release|Any CPU.Build.0 = Release|Any CPU
	EndGlobalSection
	GlobalSection(SolutionProperties) = preSolution
		HideSolutionNode = FALSE
	EndGlobalSection
	GlobalSection(ExtensibilityGlobals) = postSolution
		SolutionGuid = {193C19B8-79B8-4EDB-A17C-4DAC8521A9F2}
	EndGlobalSection
EndGlobal
